
Microsoft Visual Studio Solution File, Format Version 12.00
# Visual Studio Version 17
VisualStudioVersion = 17.7.34031.279
MinimumVisualStudioVersion = 10.0.40219.1
Project("{FAE04EC0-301F-11D3-BF4B-00C04F79EFBC}") = "P5_2_714220044", "P5_2_714220044\P5_2_714220044.csproj", "{642583EC-B458-412B-AC11-70992F543F62}"
EndProject
Global
	GlobalSection(SolutionConfigurationPlatforms) = preSolution
		Debug|Any CPU = Debug|Any CPU
		Release|Any CPU = Release|Any CPU
	EndGlobalSection
	GlobalSection(ProjectConfigurationPlatforms) = postSolution
		{642583EC-B458-412B-AC11-70992F543F62}.Debug|Any CPU.ActiveCfg = Debug|Any CPU
		{642583EC-B458-412B-AC11-70992F543F62}.Debug|Any CPU.Build.0 = Debug|Any CPU
		{642583EC-B458-412B-AC11-70992F543F62}.Release|Any CPU.ActiveCfg = Release|Any CPU
		{642583EC-B458-412B-AC11-70992F543F62}.Release|Any CPU.Build.0 = Release|Any CPU
	EndGlobalSection
	GlobalSection(SolutionProperties) = preSolution
		HideSolutionNode = FALSE
	EndGlobalSection
	GlobalSection(ExtensibilityGlobals) = postSolution
		SolutionGuid = {460E0667-A6F8-4158-827F-D4BC187CB683}
	EndGlobalSection
EndGlobal
