
Microsoft Visual Studio Solution File, Format Version 12.00
# Visual Studio Version 17
VisualStudioVersion = 17.7.34031.279
MinimumVisualStudioVersion = 10.0.40219.1
Project("{FAE04EC0-301F-11D3-BF4B-00C04F79EFBC}") = "P3_3_714220044", "P3_3_714220044\P3_3_714220044.csproj", "{D42010A6-35CC-4BF0-A3AF-87F23C0034DE}"
EndProject
Global
	GlobalSection(SolutionConfigurationPlatforms) = preSolution
		Debug|Any CPU = Debug|Any CPU
		Release|Any CPU = Release|Any CPU
	EndGlobalSection
	GlobalSection(ProjectConfigurationPlatforms) = postSolution
		{D42010A6-35CC-4BF0-A3AF-87F23C0034DE}.Debug|Any CPU.ActiveCfg = Debug|Any CPU
		{D42010A6-35CC-4BF0-A3AF-87F23C0034DE}.Debug|Any CPU.Build.0 = Debug|Any CPU
		{D42010A6-35CC-4BF0-A3AF-87F23C0034DE}.Release|Any CPU.ActiveCfg = Release|Any CPU
		{D42010A6-35CC-4BF0-A3AF-87F23C0034DE}.Release|Any CPU.Build.0 = Release|Any CPU
	EndGlobalSection
	GlobalSection(SolutionProperties) = preSolution
		HideSolutionNode = FALSE
	EndGlobalSection
	GlobalSection(ExtensibilityGlobals) = postSolution
		SolutionGuid = {386F4889-3DD2-4DCE-9895-8FBEC91BFC32}
	EndGlobalSection
EndGlobal
