
Microsoft Visual Studio Solution File, Format Version 12.00
# Visual Studio Version 17
VisualStudioVersion = 17.7.34031.279
MinimumVisualStudioVersion = 10.0.40219.1
Project("{FAE04EC0-301F-11D3-BF4B-00C04F79EFBC}") = "P7_1_714220044", "P7_1_714220044\P7_1_714220044.csproj", "{84DF9AF3-96E1-4BD1-A840-F38725F0D037}"
EndProject
Global
	GlobalSection(SolutionConfigurationPlatforms) = preSolution
		Debug|Any CPU = Debug|Any CPU
		Release|Any CPU = Release|Any CPU
	EndGlobalSection
	GlobalSection(ProjectConfigurationPlatforms) = postSolution
		{84DF9AF3-96E1-4BD1-A840-F38725F0D037}.Debug|Any CPU.ActiveCfg = Debug|Any CPU
		{84DF9AF3-96E1-4BD1-A840-F38725F0D037}.Debug|Any CPU.Build.0 = Debug|Any CPU
		{84DF9AF3-96E1-4BD1-A840-F38725F0D037}.Release|Any CPU.ActiveCfg = Release|Any CPU
		{84DF9AF3-96E1-4BD1-A840-F38725F0D037}.Release|Any CPU.Build.0 = Release|Any CPU
	EndGlobalSection
	GlobalSection(SolutionProperties) = preSolution
		HideSolutionNode = FALSE
	EndGlobalSection
	GlobalSection(ExtensibilityGlobals) = postSolution
		SolutionGuid = {03B97171-4629-4695-B28D-6A498DF31B8C}
	EndGlobalSection
EndGlobal
