
Microsoft Visual Studio Solution File, Format Version 12.00
# Visual Studio Version 17
VisualStudioVersion = 17.7.34031.279
MinimumVisualStudioVersion = 10.0.40219.1
Project("{FAE04EC0-301F-11D3-BF4B-00C04F79EFBC}") = "P3_1_714220044", "P3_1_714220044\P3_1_714220044.csproj", "{404EC67C-158D-4952-AC3B-50DE8C288E6C}"
EndProject
Global
	GlobalSection(SolutionConfigurationPlatforms) = preSolution
		Debug|Any CPU = Debug|Any CPU
		Release|Any CPU = Release|Any CPU
	EndGlobalSection
	GlobalSection(ProjectConfigurationPlatforms) = postSolution
		{404EC67C-158D-4952-AC3B-50DE8C288E6C}.Debug|Any CPU.ActiveCfg = Debug|Any CPU
		{404EC67C-158D-4952-AC3B-50DE8C288E6C}.Debug|Any CPU.Build.0 = Debug|Any CPU
		{404EC67C-158D-4952-AC3B-50DE8C288E6C}.Release|Any CPU.ActiveCfg = Release|Any CPU
		{404EC67C-158D-4952-AC3B-50DE8C288E6C}.Release|Any CPU.Build.0 = Release|Any CPU
	EndGlobalSection
	GlobalSection(SolutionProperties) = preSolution
		HideSolutionNode = FALSE
	EndGlobalSection
	GlobalSection(ExtensibilityGlobals) = postSolution
		SolutionGuid = {BD9EC7E9-F668-4C97-954A-16F1E3E76153}
	EndGlobalSection
EndGlobal
